// !$*UTF8*$!
{
	archiveVersion = 1;
	classes = {
	};
	objectVersion = 55;
	objects = {

/* Begin PBXBuildFile section */
		486A8581270C7F5900E6CD9C /* AppDelegate.swift in Sources */ = {isa = PBXBuildFile; fileRef = 486A8580270C7F5900E6CD9C /* AppDelegate.swift */; };
		486A858A270C7F5C00E6CD9C /* Assets.xcassets in Resources */ = {isa = PBXBuildFile; fileRef = 486A8589270C7F5C00E6CD9C /* Assets.xcassets */; };
		486A858D270C7F5C00E6CD9C /* LaunchScreen.storyboard in Resources */ = {isa = PBXBuildFile; fileRef = 486A858B270C7F5C00E6CD9C /* LaunchScreen.storyboard */; };
		486A8598270C7F5C00E6CD9C /* Spindox_ios_challengeTests.swift in Sources */ = {isa = PBXBuildFile; fileRef = 486A8597270C7F5C00E6CD9C /* Spindox_ios_challengeTests.swift */; };
		486A85A2270C7F5C00E6CD9C /* Spindox_ios_challengeUITests.swift in Sources */ = {isa = PBXBuildFile; fileRef = 486A85A1270C7F5C00E6CD9C /* Spindox_ios_challengeUITests.swift */; };
		486A85A4270C7F5C00E6CD9C /* Spindox_ios_challengeUITestsLaunchTests.swift in Sources */ = {isa = PBXBuildFile; fileRef = 486A85A3270C7F5C00E6CD9C /* Spindox_ios_challengeUITestsLaunchTests.swift */; };
		486A85B6270C88EB00E6CD9C /* Beer.swift in Sources */ = {isa = PBXBuildFile; fileRef = 486A85B5270C88EA00E6CD9C /* Beer.swift */; };
		486A85B9270C8AF400E6CD9C /* BeerListViewController.swift in Sources */ = {isa = PBXBuildFile; fileRef = 486A85B7270C8AF400E6CD9C /* BeerListViewController.swift */; };
		486A85BA270C8AF400E6CD9C /* BeerListViewController.xib in Resources */ = {isa = PBXBuildFile; fileRef = 486A85B8270C8AF400E6CD9C /* BeerListViewController.xib */; };
		486A85C3270C9F9200E6CD9C /* RestClientService.swift in Sources */ = {isa = PBXBuildFile; fileRef = 486A85C2270C9F9200E6CD9C /* RestClientService.swift */; };
		486A85C5270CA72B00E6CD9C /* BeerListViewModel.swift in Sources */ = {isa = PBXBuildFile; fileRef = 486A85C4270CA72B00E6CD9C /* BeerListViewModel.swift */; };
		486A85C8270CA7B900E6CD9C /* Binding.swift in Sources */ = {isa = PBXBuildFile; fileRef = 486A85C7270CA7B900E6CD9C /* Binding.swift */; };
		486A85CA270CAFB900E6CD9C /* BeerListDataFetcher.swift in Sources */ = {isa = PBXBuildFile; fileRef = 486A85C9270CAFB900E6CD9C /* BeerListDataFetcher.swift */; };
		486A85CC270CC32300E6CD9C /* BeerListViewModelTests.swift in Sources */ = {isa = PBXBuildFile; fileRef = 486A85CB270CC32300E6CD9C /* BeerListViewModelTests.swift */; };
		486A85CE270CE8DB00E6CD9C /* MockServerResponse.swift in Sources */ = {isa = PBXBuildFile; fileRef = 486A85CD270CE8DB00E6CD9C /* MockServerResponse.swift */; };
		486A85D1270CEE9C00E6CD9C /* BeerTableViewCell.swift in Sources */ = {isa = PBXBuildFile; fileRef = 486A85CF270CEE9C00E6CD9C /* BeerTableViewCell.swift */; };
		486A85D2270CEE9C00E6CD9C /* BeerTableViewCell.xib in Resources */ = {isa = PBXBuildFile; fileRef = 486A85D0270CEE9C00E6CD9C /* BeerTableViewCell.xib */; };
/* End PBXBuildFile section */

/* Begin PBXContainerItemProxy section */
		486A8594270C7F5C00E6CD9C /* PBXContainerItemProxy */ = {
			isa = PBXContainerItemProxy;
			containerPortal = 486A8575270C7F5900E6CD9C /* Project object */;
			proxyType = 1;
			remoteGlobalIDString = 486A857C270C7F5900E6CD9C;
			remoteInfo = "Spindox-ios-challenge";
		};
		486A859E270C7F5C00E6CD9C /* PBXContainerItemProxy */ = {
			isa = PBXContainerItemProxy;
			containerPortal = 486A8575270C7F5900E6CD9C /* Project object */;
			proxyType = 1;
			remoteGlobalIDString = 486A857C270C7F5900E6CD9C;
			remoteInfo = "Spindox-ios-challenge";
		};
/* End PBXContainerItemProxy section */

/* Begin PBXFileReference section */
		486A857D270C7F5900E6CD9C /* Spindox-ios-challenge.app */ = {isa = PBXFileReference; explicitFileType = wrapper.application; includeInIndex = 0; path = "Spindox-ios-challenge.app"; sourceTree = BUILT_PRODUCTS_DIR; };
		486A8580270C7F5900E6CD9C /* AppDelegate.swift */ = {isa = PBXFileReference; lastKnownFileType = sourcecode.swift; path = AppDelegate.swift; sourceTree = "<group>"; };
		486A8589270C7F5C00E6CD9C /* Assets.xcassets */ = {isa = PBXFileReference; lastKnownFileType = folder.assetcatalog; path = Assets.xcassets; sourceTree = "<group>"; };
		486A858C270C7F5C00E6CD9C /* Base */ = {isa = PBXFileReference; lastKnownFileType = file.storyboard; name = Base; path = Base.lproj/LaunchScreen.storyboard; sourceTree = "<group>"; };
		486A858E270C7F5C00E6CD9C /* Info.plist */ = {isa = PBXFileReference; lastKnownFileType = text.plist.xml; path = Info.plist; sourceTree = "<group>"; };
		486A8593270C7F5C00E6CD9C /* Spindox-ios-challengeTests.xctest */ = {isa = PBXFileReference; explicitFileType = wrapper.cfbundle; includeInIndex = 0; path = "Spindox-ios-challengeTests.xctest"; sourceTree = BUILT_PRODUCTS_DIR; };
		486A8597270C7F5C00E6CD9C /* Spindox_ios_challengeTests.swift */ = {isa = PBXFileReference; lastKnownFileType = sourcecode.swift; path = Spindox_ios_challengeTests.swift; sourceTree = "<group>"; };
		486A859D270C7F5C00E6CD9C /* Spindox-ios-challengeUITests.xctest */ = {isa = PBXFileReference; explicitFileType = wrapper.cfbundle; includeInIndex = 0; path = "Spindox-ios-challengeUITests.xctest"; sourceTree = BUILT_PRODUCTS_DIR; };
		486A85A1270C7F5C00E6CD9C /* Spindox_ios_challengeUITests.swift */ = {isa = PBXFileReference; lastKnownFileType = sourcecode.swift; path = Spindox_ios_challengeUITests.swift; sourceTree = "<group>"; };
		486A85A3270C7F5C00E6CD9C /* Spindox_ios_challengeUITestsLaunchTests.swift */ = {isa = PBXFileReference; lastKnownFileType = sourcecode.swift; path = Spindox_ios_challengeUITestsLaunchTests.swift; sourceTree = "<group>"; };
		486A85B5270C88EA00E6CD9C /* Beer.swift */ = {isa = PBXFileReference; lastKnownFileType = sourcecode.swift; path = Beer.swift; sourceTree = "<group>"; };
		486A85B7270C8AF400E6CD9C /* BeerListViewController.swift */ = {isa = PBXFileReference; lastKnownFileType = sourcecode.swift; path = BeerListViewController.swift; sourceTree = "<group>"; };
		486A85B8270C8AF400E6CD9C /* BeerListViewController.xib */ = {isa = PBXFileReference; lastKnownFileType = file.xib; path = BeerListViewController.xib; sourceTree = "<group>"; };
		486A85C2270C9F9200E6CD9C /* RestClientService.swift */ = {isa = PBXFileReference; lastKnownFileType = sourcecode.swift; path = RestClientService.swift; sourceTree = "<group>"; };
		486A85C4270CA72B00E6CD9C /* BeerListViewModel.swift */ = {isa = PBXFileReference; lastKnownFileType = sourcecode.swift; path = BeerListViewModel.swift; sourceTree = "<group>"; };
		486A85C7270CA7B900E6CD9C /* Binding.swift */ = {isa = PBXFileReference; lastKnownFileType = sourcecode.swift; path = Binding.swift; sourceTree = "<group>"; };
		486A85C9270CAFB900E6CD9C /* BeerListDataFetcher.swift */ = {isa = PBXFileReference; lastKnownFileType = sourcecode.swift; path = BeerListDataFetcher.swift; sourceTree = "<group>"; };
		486A85CB270CC32300E6CD9C /* BeerListViewModelTests.swift */ = {isa = PBXFileReference; lastKnownFileType = sourcecode.swift; path = BeerListViewModelTests.swift; sourceTree = "<group>"; };
		486A85CD270CE8DB00E6CD9C /* MockServerResponse.swift */ = {isa = PBXFileReference; lastKnownFileType = sourcecode.swift; path = MockServerResponse.swift; sourceTree = "<group>"; };
		486A85CF270CEE9C00E6CD9C /* BeerTableViewCell.swift */ = {isa = PBXFileReference; lastKnownFileType = sourcecode.swift; path = BeerTableViewCell.swift; sourceTree = "<group>"; };
		486A85D0270CEE9C00E6CD9C /* BeerTableViewCell.xib */ = {isa = PBXFileReference; lastKnownFileType = file.xib; path = BeerTableViewCell.xib; sourceTree = "<group>"; };
/* End PBXFileReference section */

/* Begin PBXFrameworksBuildPhase section */
		486A857A270C7F5900E6CD9C /* Frameworks */ = {
			isa = PBXFrameworksBuildPhase;
			buildActionMask = 2147483647;
			files = (
			);
			runOnlyForDeploymentPostprocessing = 0;
		};
		486A8590270C7F5C00E6CD9C /* Frameworks */ = {
			isa = PBXFrameworksBuildPhase;
			buildActionMask = 2147483647;
			files = (
			);
			runOnlyForDeploymentPostprocessing = 0;
		};
		486A859A270C7F5C00E6CD9C /* Frameworks */ = {
			isa = PBXFrameworksBuildPhase;
			buildActionMask = 2147483647;
			files = (
			);
			runOnlyForDeploymentPostprocessing = 0;
		};
/* End PBXFrameworksBuildPhase section */

/* Begin PBXGroup section */
		486A8574270C7F5900E6CD9C = {
			isa = PBXGroup;
			children = (
				486A857F270C7F5900E6CD9C /* Spindox-ios-challenge */,
				486A8596270C7F5C00E6CD9C /* Spindox-ios-challengeTests */,
				486A85A0270C7F5C00E6CD9C /* Spindox-ios-challengeUITests */,
				486A857E270C7F5900E6CD9C /* Products */,
			);
			sourceTree = "<group>";
		};
		486A857E270C7F5900E6CD9C /* Products */ = {
			isa = PBXGroup;
			children = (
				486A857D270C7F5900E6CD9C /* Spindox-ios-challenge.app */,
				486A8593270C7F5C00E6CD9C /* Spindox-ios-challengeTests.xctest */,
				486A859D270C7F5C00E6CD9C /* Spindox-ios-challengeUITests.xctest */,
			);
			name = Products;
			sourceTree = "<group>";
		};
		486A857F270C7F5900E6CD9C /* Spindox-ios-challenge */ = {
			isa = PBXGroup;
			children = (
				486A85C6270CA7B000E6CD9C /* Core */,
				486A85C1270C997700E6CD9C /* Networking */,
				486A85B4270C87CD00E6CD9C /* Resources */,
				486A85B3270C87C000E6CD9C /* App */,
				486A85B1270C879600E6CD9C /* Scenes */,
				486A85B0270C82B900E6CD9C /* Model */,
				486A858E270C7F5C00E6CD9C /* Info.plist */,
			);
			path = "Spindox-ios-challenge";
			sourceTree = "<group>";
		};
		486A8596270C7F5C00E6CD9C /* Spindox-ios-challengeTests */ = {
			isa = PBXGroup;
			children = (
				486A8597270C7F5C00E6CD9C /* Spindox_ios_challengeTests.swift */,
				486A85CB270CC32300E6CD9C /* BeerListViewModelTests.swift */,
				486A85CD270CE8DB00E6CD9C /* MockServerResponse.swift */,
			);
			path = "Spindox-ios-challengeTests";
			sourceTree = "<group>";
		};
		486A85A0270C7F5C00E6CD9C /* Spindox-ios-challengeUITests */ = {
			isa = PBXGroup;
			children = (
				486A85A1270C7F5C00E6CD9C /* Spindox_ios_challengeUITests.swift */,
				486A85A3270C7F5C00E6CD9C /* Spindox_ios_challengeUITestsLaunchTests.swift */,
			);
			path = "Spindox-ios-challengeUITests";
			sourceTree = "<group>";
		};
		486A85B0270C82B900E6CD9C /* Model */ = {
			isa = PBXGroup;
			children = (
				486A85B5270C88EA00E6CD9C /* Beer.swift */,
			);
			path = Model;
			sourceTree = "<group>";
		};
		486A85B1270C879600E6CD9C /* Scenes */ = {
			isa = PBXGroup;
			children = (
				486A85BB270C8C7F00E6CD9C /* BeerList */,
			);
			path = Scenes;
			sourceTree = "<group>";
		};
		486A85B3270C87C000E6CD9C /* App */ = {
			isa = PBXGroup;
			children = (
				486A8580270C7F5900E6CD9C /* AppDelegate.swift */,
			);
			path = App;
			sourceTree = "<group>";
		};
		486A85B4270C87CD00E6CD9C /* Resources */ = {
			isa = PBXGroup;
			children = (
				486A8589270C7F5C00E6CD9C /* Assets.xcassets */,
				486A858B270C7F5C00E6CD9C /* LaunchScreen.storyboard */,
			);
			path = Resources;
			sourceTree = "<group>";
		};
		486A85BB270C8C7F00E6CD9C /* BeerList */ = {
			isa = PBXGroup;
			children = (
				486A85BC270C8C8F00E6CD9C /* Cell */,
				486A85B7270C8AF400E6CD9C /* BeerListViewController.swift */,
				486A85B8270C8AF400E6CD9C /* BeerListViewController.xib */,
				486A85C4270CA72B00E6CD9C /* BeerListViewModel.swift */,
				486A85C9270CAFB900E6CD9C /* BeerListDataFetcher.swift */,
			);
			path = BeerList;
			sourceTree = "<group>";
		};
		486A85BC270C8C8F00E6CD9C /* Cell */ = {
			isa = PBXGroup;
			children = (
				486A85CF270CEE9C00E6CD9C /* BeerTableViewCell.swift */,
				486A85D0270CEE9C00E6CD9C /* BeerTableViewCell.xib */,
			);
			path = Cell;
			sourceTree = "<group>";
		};
		486A85C1270C997700E6CD9C /* Networking */ = {
			isa = PBXGroup;
			children = (
				486A85C2270C9F9200E6CD9C /* RestClientService.swift */,
			);
			path = Networking;
			sourceTree = "<group>";
		};
		486A85C6270CA7B000E6CD9C /* Core */ = {
			isa = PBXGroup;
			children = (
				486A85C7270CA7B900E6CD9C /* Binding.swift */,
			);
			path = Core;
			sourceTree = "<group>";
		};
/* End PBXGroup section */

/* Begin PBXNativeTarget section */
		486A857C270C7F5900E6CD9C /* Spindox-ios-challenge */ = {
			isa = PBXNativeTarget;
			buildConfigurationList = 486A85A7270C7F5C00E6CD9C /* Build configuration list for PBXNativeTarget "Spindox-ios-challenge" */;
			buildPhases = (
				486A8579270C7F5900E6CD9C /* Sources */,
				486A857A270C7F5900E6CD9C /* Frameworks */,
				486A857B270C7F5900E6CD9C /* Resources */,
			);
			buildRules = (
			);
			dependencies = (
			);
			name = "Spindox-ios-challenge";
			productName = "Spindox-ios-challenge";
			productReference = 486A857D270C7F5900E6CD9C /* Spindox-ios-challenge.app */;
			productType = "com.apple.product-type.application";
		};
		486A8592270C7F5C00E6CD9C /* Spindox-ios-challengeTests */ = {
			isa = PBXNativeTarget;
			buildConfigurationList = 486A85AA270C7F5C00E6CD9C /* Build configuration list for PBXNativeTarget "Spindox-ios-challengeTests" */;
			buildPhases = (
				486A858F270C7F5C00E6CD9C /* Sources */,
				486A8590270C7F5C00E6CD9C /* Frameworks */,
				486A8591270C7F5C00E6CD9C /* Resources */,
			);
			buildRules = (
			);
			dependencies = (
				486A8595270C7F5C00E6CD9C /* PBXTargetDependency */,
			);
			name = "Spindox-ios-challengeTests";
			productName = "Spindox-ios-challengeTests";
			productReference = 486A8593270C7F5C00E6CD9C /* Spindox-ios-challengeTests.xctest */;
			productType = "com.apple.product-type.bundle.unit-test";
		};
		486A859C270C7F5C00E6CD9C /* Spindox-ios-challengeUITests */ = {
			isa = PBXNativeTarget;
			buildConfigurationList = 486A85AD270C7F5C00E6CD9C /* Build configuration list for PBXNativeTarget "Spindox-ios-challengeUITests" */;
			buildPhases = (
				486A8599270C7F5C00E6CD9C /* Sources */,
				486A859A270C7F5C00E6CD9C /* Frameworks */,
				486A859B270C7F5C00E6CD9C /* Resources */,
			);
			buildRules = (
			);
			dependencies = (
				486A859F270C7F5C00E6CD9C /* PBXTargetDependency */,
			);
			name = "Spindox-ios-challengeUITests";
			productName = "Spindox-ios-challengeUITests";
			productReference = 486A859D270C7F5C00E6CD9C /* Spindox-ios-challengeUITests.xctest */;
			productType = "com.apple.product-type.bundle.ui-testing";
		};
/* End PBXNativeTarget section */

/* Begin PBXProject section */
		486A8575270C7F5900E6CD9C /* Project object */ = {
			isa = PBXProject;
			attributes = {
				BuildIndependentTargetsInParallel = 1;
				LastSwiftUpdateCheck = 1300;
				LastUpgradeCheck = 1300;
				TargetAttributes = {
					486A857C270C7F5900E6CD9C = {
						CreatedOnToolsVersion = 13.0;
					};
					486A8592270C7F5C00E6CD9C = {
						CreatedOnToolsVersion = 13.0;
						TestTargetID = 486A857C270C7F5900E6CD9C;
					};
					486A859C270C7F5C00E6CD9C = {
						CreatedOnToolsVersion = 13.0;
						TestTargetID = 486A857C270C7F5900E6CD9C;
					};
				};
			};
			buildConfigurationList = 486A8578270C7F5900E6CD9C /* Build configuration list for PBXProject "Spindox-ios-challenge" */;
			compatibilityVersion = "Xcode 13.0";
			developmentRegion = en;
			hasScannedForEncodings = 0;
			knownRegions = (
				en,
				Base,
			);
			mainGroup = 486A8574270C7F5900E6CD9C;
			productRefGroup = 486A857E270C7F5900E6CD9C /* Products */;
			projectDirPath = "";
			projectRoot = "";
			targets = (
				486A857C270C7F5900E6CD9C /* Spindox-ios-challenge */,
				486A8592270C7F5C00E6CD9C /* Spindox-ios-challengeTests */,
				486A859C270C7F5C00E6CD9C /* Spindox-ios-challengeUITests */,
			);
		};
/* End PBXProject section */

/* Begin PBXResourcesBuildPhase section */
		486A857B270C7F5900E6CD9C /* Resources */ = {
			isa = PBXResourcesBuildPhase;
			buildActionMask = 2147483647;
			files = (
				486A858D270C7F5C00E6CD9C /* LaunchScreen.storyboard in Resources */,
				486A858A270C7F5C00E6CD9C /* Assets.xcassets in Resources */,
				486A85BA270C8AF400E6CD9C /* BeerListViewController.xib in Resources */,
				486A85D2270CEE9C00E6CD9C /* BeerTableViewCell.xib in Resources */,
			);
			runOnlyForDeploymentPostprocessing = 0;
		};
		486A8591270C7F5C00E6CD9C /* Resources */ = {
			isa = PBXResourcesBuildPhase;
			buildActionMask = 2147483647;
			files = (
			);
			runOnlyForDeploymentPostprocessing = 0;
		};
		486A859B270C7F5C00E6CD9C /* Resources */ = {
			isa = PBXResourcesBuildPhase;
			buildActionMask = 2147483647;
			files = (
			);
			runOnlyForDeploymentPostprocessing = 0;
		};
/* End PBXResourcesBuildPhase section */

/* Begin PBXSourcesBuildPhase section */
		486A8579270C7F5900E6CD9C /* Sources */ = {
			isa = PBXSourcesBuildPhase;
			buildActionMask = 2147483647;
			files = (
				486A85B9270C8AF400E6CD9C /* BeerListViewController.swift in Sources */,
				486A85CA270CAFB900E6CD9C /* BeerListDataFetcher.swift in Sources */,
				486A85C3270C9F9200E6CD9C /* RestClientService.swift in Sources */,
				486A85D1270CEE9C00E6CD9C /* BeerTableViewCell.swift in Sources */,
				486A85B6270C88EB00E6CD9C /* Beer.swift in Sources */,
				486A85C8270CA7B900E6CD9C /* Binding.swift in Sources */,
				486A85C5270CA72B00E6CD9C /* BeerListViewModel.swift in Sources */,
				486A8581270C7F5900E6CD9C /* AppDelegate.swift in Sources */,
			);
			runOnlyForDeploymentPostprocessing = 0;
		};
		486A858F270C7F5C00E6CD9C /* Sources */ = {
			isa = PBXSourcesBuildPhase;
			buildActionMask = 2147483647;
			files = (
				486A85CC270CC32300E6CD9C /* BeerListViewModelTests.swift in Sources */,
				486A85CE270CE8DB00E6CD9C /* MockServerResponse.swift in Sources */,
				486A8598270C7F5C00E6CD9C /* Spindox_ios_challengeTests.swift in Sources */,
			);
			runOnlyForDeploymentPostprocessing = 0;
		};
		486A8599270C7F5C00E6CD9C /* Sources */ = {
			isa = PBXSourcesBuildPhase;
			buildActionMask = 2147483647;
			files = (
				486A85A4270C7F5C00E6CD9C /* Spindox_ios_challengeUITestsLaunchTests.swift in Sources */,
				486A85A2270C7F5C00E6CD9C /* Spindox_ios_challengeUITests.swift in Sources */,
			);
			runOnlyForDeploymentPostprocessing = 0;
		};
/* End PBXSourcesBuildPhase section */

/* Begin PBXTargetDependency section */
		486A8595270C7F5C00E6CD9C /* PBXTargetDependency */ = {
			isa = PBXTargetDependency;
			target = 486A857C270C7F5900E6CD9C /* Spindox-ios-challenge */;
			targetProxy = 486A8594270C7F5C00E6CD9C /* PBXContainerItemProxy */;
		};
		486A859F270C7F5C00E6CD9C /* PBXTargetDependency */ = {
			isa = PBXTargetDependency;
			target = 486A857C270C7F5900E6CD9C /* Spindox-ios-challenge */;
			targetProxy = 486A859E270C7F5C00E6CD9C /* PBXContainerItemProxy */;
		};
/* End PBXTargetDependency section */

/* Begin PBXVariantGroup section */
		486A858B270C7F5C00E6CD9C /* LaunchScreen.storyboard */ = {
			isa = PBXVariantGroup;
			children = (
				486A858C270C7F5C00E6CD9C /* Base */,
			);
			name = LaunchScreen.storyboard;
			sourceTree = "<group>";
		};
/* End PBXVariantGroup section */

/* Begin XCBuildConfiguration section */
		486A85A5270C7F5C00E6CD9C /* Debug */ = {
			isa = XCBuildConfiguration;
			buildSettings = {
				ALWAYS_SEARCH_USER_PATHS = NO;
				CLANG_ANALYZER_NONNULL = YES;
				CLANG_ANALYZER_NUMBER_OBJECT_CONVERSION = YES_AGGRESSIVE;
				CLANG_CXX_LANGUAGE_STANDARD = "gnu++17";
				CLANG_CXX_LIBRARY = "libc++";
				CLANG_ENABLE_MODULES = YES;
				CLANG_ENABLE_OBJC_ARC = YES;
				CLANG_ENABLE_OBJC_WEAK = YES;
				CLANG_WARN_BLOCK_CAPTURE_AUTORELEASING = YES;
				CLANG_WARN_BOOL_CONVERSION = YES;
				CLANG_WARN_COMMA = YES;
				CLANG_WARN_CONSTANT_CONVERSION = YES;
				CLANG_WARN_DEPRECATED_OBJC_IMPLEMENTATIONS = YES;
				CLANG_WARN_DIRECT_OBJC_ISA_USAGE = YES_ERROR;
				CLANG_WARN_DOCUMENTATION_COMMENTS = YES;
				CLANG_WARN_EMPTY_BODY = YES;
				CLANG_WARN_ENUM_CONVERSION = YES;
				CLANG_WARN_INFINITE_RECURSION = YES;
				CLANG_WARN_INT_CONVERSION = YES;
				CLANG_WARN_NON_LITERAL_NULL_CONVERSION = YES;
				CLANG_WARN_OBJC_IMPLICIT_RETAIN_SELF = YES;
				CLANG_WARN_OBJC_LITERAL_CONVERSION = YES;
				CLANG_WARN_OBJC_ROOT_CLASS = YES_ERROR;
				CLANG_WARN_QUOTED_INCLUDE_IN_FRAMEWORK_HEADER = YES;
				CLANG_WARN_RANGE_LOOP_ANALYSIS = YES;
				CLANG_WARN_STRICT_PROTOTYPES = YES;
				CLANG_WARN_SUSPICIOUS_MOVE = YES;
				CLANG_WARN_UNGUARDED_AVAILABILITY = YES_AGGRESSIVE;
				CLANG_WARN_UNREACHABLE_CODE = YES;
				CLANG_WARN__DUPLICATE_METHOD_MATCH = YES;
				COPY_PHASE_STRIP = NO;
				DEBUG_INFORMATION_FORMAT = dwarf;
				ENABLE_STRICT_OBJC_MSGSEND = YES;
				ENABLE_TESTABILITY = YES;
				GCC_C_LANGUAGE_STANDARD = gnu11;
				GCC_DYNAMIC_NO_PIC = NO;
				GCC_NO_COMMON_BLOCKS = YES;
				GCC_OPTIMIZATION_LEVEL = 0;
				GCC_PREPROCESSOR_DEFINITIONS = (
					"DEBUG=1",
					"$(inherited)",
				);
				GCC_WARN_64_TO_32_BIT_CONVERSION = YES;
				GCC_WARN_ABOUT_RETURN_TYPE = YES_ERROR;
				GCC_WARN_UNDECLARED_SELECTOR = YES;
				GCC_WARN_UNINITIALIZED_AUTOS = YES_AGGRESSIVE;
				GCC_WARN_UNUSED_FUNCTION = YES;
				GCC_WARN_UNUSED_VARIABLE = YES;
				IPHONEOS_DEPLOYMENT_TARGET = 12.0;
				MTL_ENABLE_DEBUG_INFO = INCLUDE_SOURCE;
				MTL_FAST_MATH = YES;
				ONLY_ACTIVE_ARCH = YES;
				SDKROOT = iphoneos;
				SWIFT_ACTIVE_COMPILATION_CONDITIONS = DEBUG;
				SWIFT_OPTIMIZATION_LEVEL = "-Onone";
			};
			name = Debug;
		};
		486A85A6270C7F5C00E6CD9C /* Release */ = {
			isa = XCBuildConfiguration;
			buildSettings = {
				ALWAYS_SEARCH_USER_PATHS = NO;
				CLANG_ANALYZER_NONNULL = YES;
				CLANG_ANALYZER_NUMBER_OBJECT_CONVERSION = YES_AGGRESSIVE;
				CLANG_CXX_LANGUAGE_STANDARD = "gnu++17";
				CLANG_CXX_LIBRARY = "libc++";
				CLANG_ENABLE_MODULES = YES;
				CLANG_ENABLE_OBJC_ARC = YES;
				CLANG_ENABLE_OBJC_WEAK = YES;
				CLANG_WARN_BLOCK_CAPTURE_AUTORELEASING = YES;
				CLANG_WARN_BOOL_CONVERSION = YES;
				CLANG_WARN_COMMA = YES;
				CLANG_WARN_CONSTANT_CONVERSION = YES;
				CLANG_WARN_DEPRECATED_OBJC_IMPLEMENTATIONS = YES;
				CLANG_WARN_DIRECT_OBJC_ISA_USAGE = YES_ERROR;
				CLANG_WARN_DOCUMENTATION_COMMENTS = YES;
				CLANG_WARN_EMPTY_BODY = YES;
				CLANG_WARN_ENUM_CONVERSION = YES;
				CLANG_WARN_INFINITE_RECURSION = YES;
				CLANG_WARN_INT_CONVERSION = YES;
				CLANG_WARN_NON_LITERAL_NULL_CONVERSION = YES;
				CLANG_WARN_OBJC_IMPLICIT_RETAIN_SELF = YES;
				CLANG_WARN_OBJC_LITERAL_CONVERSION = YES;
				CLANG_WARN_OBJC_ROOT_CLASS = YES_ERROR;
				CLANG_WARN_QUOTED_INCLUDE_IN_FRAMEWORK_HEADER = YES;
				CLANG_WARN_RANGE_LOOP_ANALYSIS = YES;
				CLANG_WARN_STRICT_PROTOTYPES = YES;
				CLANG_WARN_SUSPICIOUS_MOVE = YES;
				CLANG_WARN_UNGUARDED_AVAILABILITY = YES_AGGRESSIVE;
				CLANG_WARN_UNREACHABLE_CODE = YES;
				CLANG_WARN__DUPLICATE_METHOD_MATCH = YES;
				COPY_PHASE_STRIP = NO;
				DEBUG_INFORMATION_FORMAT = "dwarf-with-dsym";
				ENABLE_NS_ASSERTIONS = NO;
				ENABLE_STRICT_OBJC_MSGSEND = YES;
				GCC_C_LANGUAGE_STANDARD = gnu11;
				GCC_NO_COMMON_BLOCKS = YES;
				GCC_WARN_64_TO_32_BIT_CONVERSION = YES;
				GCC_WARN_ABOUT_RETURN_TYPE = YES_ERROR;
				GCC_WARN_UNDECLARED_SELECTOR = YES;
				GCC_WARN_UNINITIALIZED_AUTOS = YES_AGGRESSIVE;
				GCC_WARN_UNUSED_FUNCTION = YES;
				GCC_WARN_UNUSED_VARIABLE = YES;
				IPHONEOS_DEPLOYMENT_TARGET = 12.0;
				MTL_ENABLE_DEBUG_INFO = NO;
				MTL_FAST_MATH = YES;
				SDKROOT = iphoneos;
				SWIFT_COMPILATION_MODE = wholemodule;
				SWIFT_OPTIMIZATION_LEVEL = "-O";
				VALIDATE_PRODUCT = YES;
			};
			name = Release;
		};
		486A85A8270C7F5C00E6CD9C /* Debug */ = {
			isa = XCBuildConfiguration;
			buildSettings = {
				ASSETCATALOG_COMPILER_APPICON_NAME = AppIcon;
				ASSETCATALOG_COMPILER_GLOBAL_ACCENT_COLOR_NAME = AccentColor;
				CODE_SIGN_STYLE = Automatic;
				CURRENT_PROJECT_VERSION = 1;
				DEVELOPMENT_TEAM = LUNGYV76TW;
				GENERATE_INFOPLIST_FILE = YES;
				INFOPLIST_FILE = "Spindox-ios-challenge/Info.plist";
				INFOPLIST_KEY_UIApplicationSupportsIndirectInputEvents = YES;
				INFOPLIST_KEY_UILaunchStoryboardName = LaunchScreen;
				INFOPLIST_KEY_UISupportedInterfaceOrientations_iPad = "UIInterfaceOrientationPortrait UIInterfaceOrientationPortraitUpsideDown UIInterfaceOrientationLandscapeLeft UIInterfaceOrientationLandscapeRight";
				INFOPLIST_KEY_UISupportedInterfaceOrientations_iPhone = "UIInterfaceOrientationPortrait UIInterfaceOrientationLandscapeLeft UIInterfaceOrientationLandscapeRight";
				IPHONEOS_DEPLOYMENT_TARGET = 12.0;
				LD_RUNPATH_SEARCH_PATHS = (
					"$(inherited)",
					"@executable_path/Frameworks",
				);
				MARKETING_VERSION = 1.0;
				PRODUCT_BUNDLE_IDENTIFIER = "com.fermenendez.Spindox-ios-challenge";
				PRODUCT_NAME = "$(TARGET_NAME)";
				SWIFT_EMIT_LOC_STRINGS = YES;
				SWIFT_VERSION = 5.0;
				TARGETED_DEVICE_FAMILY = "1,2";
			};
			name = Debug;
		};
		486A85A9270C7F5C00E6CD9C /* Release */ = {
			isa = XCBuildConfiguration;
			buildSettings = {
				ASSETCATALOG_COMPILER_APPICON_NAME = AppIcon;
				ASSETCATALOG_COMPILER_GLOBAL_ACCENT_COLOR_NAME = AccentColor;
				CODE_SIGN_STYLE = Automatic;
				CURRENT_PROJECT_VERSION = 1;
				DEVELOPMENT_TEAM = LUNGYV76TW;
				GENERATE_INFOPLIST_FILE = YES;
				INFOPLIST_FILE = "Spindox-ios-challenge/Info.plist";
				INFOPLIST_KEY_UIApplicationSupportsIndirectInputEvents = YES;
				INFOPLIST_KEY_UILaunchStoryboardName = LaunchScreen;
				INFOPLIST_KEY_UISupportedInterfaceOrientations_iPad = "UIInterfaceOrientationPortrait UIInterfaceOrientationPortraitUpsideDown UIInterfaceOrientationLandscapeLeft UIInterfaceOrientationLandscapeRight";
				INFOPLIST_KEY_UISupportedInterfaceOrientations_iPhone = "UIInterfaceOrientationPortrait UIInterfaceOrientationLandscapeLeft UIInterfaceOrientationLandscapeRight";
				IPHONEOS_DEPLOYMENT_TARGET = 12.0;
				LD_RUNPATH_SEARCH_PATHS = (
					"$(inherited)",
					"@executable_path/Frameworks",
				);
				MARKETING_VERSION = 1.0;
				PRODUCT_BUNDLE_IDENTIFIER = "com.fermenendez.Spindox-ios-challenge";
				PRODUCT_NAME = "$(TARGET_NAME)";
				SWIFT_EMIT_LOC_STRINGS = YES;
				SWIFT_VERSION = 5.0;
				TARGETED_DEVICE_FAMILY = "1,2";
			};
			name = Release;
		};
		486A85AB270C7F5C00E6CD9C /* Debug */ = {
			isa = XCBuildConfiguration;
			buildSettings = {
				ALWAYS_EMBED_SWIFT_STANDARD_LIBRARIES = YES;
				BUNDLE_LOADER = "$(TEST_HOST)";
				CODE_SIGN_STYLE = Automatic;
				CURRENT_PROJECT_VERSION = 1;
				DEVELOPMENT_TEAM = LUNGYV76TW;
				GENERATE_INFOPLIST_FILE = YES;
				IPHONEOS_DEPLOYMENT_TARGET = 15.0;
				LD_RUNPATH_SEARCH_PATHS = (
					"$(inherited)",
					"@executable_path/Frameworks",
					"@loader_path/Frameworks",
				);
				MARKETING_VERSION = 1.0;
				PRODUCT_BUNDLE_IDENTIFIER = "com.fermenendez.Spindox-ios-challengeTests";
				PRODUCT_NAME = "$(TARGET_NAME)";
				SWIFT_EMIT_LOC_STRINGS = NO;
				SWIFT_VERSION = 5.0;
				TARGETED_DEVICE_FAMILY = "1,2";
				TEST_HOST = "$(BUILT_PRODUCTS_DIR)/Spindox-ios-challenge.app/Spindox-ios-challenge";
			};
			name = Debug;
		};
		486A85AC270C7F5C00E6CD9C /* Release */ = {
			isa = XCBuildConfiguration;
			buildSettings = {
				ALWAYS_EMBED_SWIFT_STANDARD_LIBRARIES = YES;
				BUNDLE_LOADER = "$(TEST_HOST)";
				CODE_SIGN_STYLE = Automatic;
				CURRENT_PROJECT_VERSION = 1;
				DEVELOPMENT_TEAM = LUNGYV76TW;
				GENERATE_INFOPLIST_FILE = YES;
				IPHONEOS_DEPLOYMENT_TARGET = 15.0;
				LD_RUNPATH_SEARCH_PATHS = (
					"$(inherited)",
					"@executable_path/Frameworks",
					"@loader_path/Frameworks",
				);
				MARKETING_VERSION = 1.0;
				PRODUCT_BUNDLE_IDENTIFIER = "com.fermenendez.Spindox-ios-challengeTests";
				PRODUCT_NAME = "$(TARGET_NAME)";
				SWIFT_EMIT_LOC_STRINGS = NO;
				SWIFT_VERSION = 5.0;
				TARGETED_DEVICE_FAMILY = "1,2";
				TEST_HOST = "$(BUILT_PRODUCTS_DIR)/Spindox-ios-challenge.app/Spindox-ios-challenge";
			};
			name = Release;
		};
		486A85AE270C7F5C00E6CD9C /* Debug */ = {
			isa = XCBuildConfiguration;
			buildSettings = {
				ALWAYS_EMBED_SWIFT_STANDARD_LIBRARIES = YES;
				CODE_SIGN_STYLE = Automatic;
				CURRENT_PROJECT_VERSION = 1;
				DEVELOPMENT_TEAM = LUNGYV76TW;
				GENERATE_INFOPLIST_FILE = YES;
				LD_RUNPATH_SEARCH_PATHS = (
					"$(inherited)",
					"@executable_path/Frameworks",
					"@loader_path/Frameworks",
				);
				MARKETING_VERSION = 1.0;
				PRODUCT_BUNDLE_IDENTIFIER = "com.fermenendez.Spindox-ios-challengeUITests";
				PRODUCT_NAME = "$(TARGET_NAME)";
				SWIFT_EMIT_LOC_STRINGS = NO;
				SWIFT_VERSION = 5.0;
				TARGETED_DEVICE_FAMILY = "1,2";
				TEST_TARGET_NAME = "Spindox-ios-challenge";
			};
			name = Debug;
		};
		486A85AF270C7F5C00E6CD9C /* Release */ = {
			isa = XCBuildConfiguration;
			buildSettings = {
				ALWAYS_EMBED_SWIFT_STANDARD_LIBRARIES = YES;
				CODE_SIGN_STYLE = Automatic;
				CURRENT_PROJECT_VERSION = 1;
				DEVELOPMENT_TEAM = LUNGYV76TW;
				GENERATE_INFOPLIST_FILE = YES;
				LD_RUNPATH_SEARCH_PATHS = (
					"$(inherited)",
					"@executable_path/Frameworks",
					"@loader_path/Frameworks",
				);
				MARKETING_VERSION = 1.0;
				PRODUCT_BUNDLE_IDENTIFIER = "com.fermenendez.Spindox-ios-challengeUITests";
				PRODUCT_NAME = "$(TARGET_NAME)";
				SWIFT_EMIT_LOC_STRINGS = NO;
				SWIFT_VERSION = 5.0;
				TARGETED_DEVICE_FAMILY = "1,2";
				TEST_TARGET_NAME = "Spindox-ios-challenge";
			};
			name = Release;
		};
/* End XCBuildConfiguration section */

/* Begin XCConfigurationList section */
		486A8578270C7F5900E6CD9C /* Build configuration list for PBXProject "Spindox-ios-challenge" */ = {
			isa = XCConfigurationList;
			buildConfigurations = (
				486A85A5270C7F5C00E6CD9C /* Debug */,
				486A85A6270C7F5C00E6CD9C /* Release */,
			);
			defaultConfigurationIsVisible = 0;
			defaultConfigurationName = Release;
		};
		486A85A7270C7F5C00E6CD9C /* Build configuration list for PBXNativeTarget "Spindox-ios-challenge" */ = {
			isa = XCConfigurationList;
			buildConfigurations = (
				486A85A8270C7F5C00E6CD9C /* Debug */,
				486A85A9270C7F5C00E6CD9C /* Release */,
			);
			defaultConfigurationIsVisible = 0;
			defaultConfigurationName = Release;
		};
		486A85AA270C7F5C00E6CD9C /* Build configuration list for PBXNativeTarget "Spindox-ios-challengeTests" */ = {
			isa = XCConfigurationList;
			buildConfigurations = (
				486A85AB270C7F5C00E6CD9C /* Debug */,
				486A85AC270C7F5C00E6CD9C /* Release */,
			);
			defaultConfigurationIsVisible = 0;
			defaultConfigurationName = Release;
		};
		486A85AD270C7F5C00E6CD9C /* Build configuration list for PBXNativeTarget "Spindox-ios-challengeUITests" */ = {
			isa = XCConfigurationList;
			buildConfigurations = (
				486A85AE270C7F5C00E6CD9C /* Debug */,
				486A85AF270C7F5C00E6CD9C /* Release */,
			);
			defaultConfigurationIsVisible = 0;
			defaultConfigurationName = Release;
		};
/* End XCConfigurationList section */
	};
	rootObject = 486A8575270C7F5900E6CD9C /* Project object */;
}
